// !$*UTF8*$!
{
	archiveVersion = 1;
	classes = {
	};
	objectVersion = 46;
	objects = {

/* Begin PBXBuildFile section */
		44AE92FB1DB7A43200DC8FE2 /* AppDelegate.swift in Sources */ = {isa = PBXBuildFile; fileRef = 44AE92FA1DB7A43200DC8FE2 /* AppDelegate.swift */; };
		44AE92FD1DB7A43200DC8FE2 /* ViewController.swift in Sources */ = {isa = PBXBuildFile; fileRef = 44AE92FC1DB7A43200DC8FE2 /* ViewController.swift */; };
		44AE93001DB7A43200DC8FE2 /* Main.storyboard in Resources */ = {isa = PBXBuildFile; fileRef = 44AE92FE1DB7A43200DC8FE2 /* Main.storyboard */; };
		44AE93021DB7A43200DC8FE2 /* Assets.xcassets in Resources */ = {isa = PBXBuildFile; fileRef = 44AE93011DB7A43200DC8FE2 /* Assets.xcassets */; };
		44AE93051DB7A43200DC8FE2 /* LaunchScreen.storyboard in Resources */ = {isa = PBXBuildFile; fileRef = 44AE93031DB7A43200DC8FE2 /* LaunchScreen.storyboard */; };
		44C6FAE71DB7B7960074D41F /* GoogleService-Info.plist in Resources */ = {isa = PBXBuildFile; fileRef = 44C6FAE61DB7B7960074D41F /* GoogleService-Info.plist */; };
		44C6FAEB1DB7BBA00074D41F /* API.swift in Sources */ = {isa = PBXBuildFile; fileRef = 44C6FAEA1DB7BBA00074D41F /* API.swift */; };
		44C6FAED1DB7BBAF0074D41F /* MapViewController.swift in Sources */ = {isa = PBXBuildFile; fileRef = 44C6FAEC1DB7BBAF0074D41F /* MapViewController.swift */; };
		44C6FAEF1DB7BEE90074D41F /* MapKit.framework in Frameworks */ = {isa = PBXBuildFile; fileRef = 44C6FAEE1DB7BEE90074D41F /* MapKit.framework */; };
		44C6FAF01DB7C0550074D41F /* Pods_LiveChatMap.framework in Frameworks */ = {isa = PBXBuildFile; fileRef = A7D057FE902F9054E3FAC78A /* Pods_LiveChatMap.framework */; };
/* End PBXBuildFile section */

/* Begin PBXFileReference section */
		44AE92F71DB7A43200DC8FE2 /* LiveChatMap.app */ = {isa = PBXFileReference; explicitFileType = wrapper.application; includeInIndex = 0; path = LiveChatMap.app; sourceTree = BUILT_PRODUCTS_DIR; };
		44AE92FA1DB7A43200DC8FE2 /* AppDelegate.swift */ = {isa = PBXFileReference; lastKnownFileType = sourcecode.swift; path = AppDelegate.swift; sourceTree = "<group>"; };
		44AE92FC1DB7A43200DC8FE2 /* ViewController.swift */ = {isa = PBXFileReference; lastKnownFileType = sourcecode.swift; path = ViewController.swift; sourceTree = "<group>"; };
		44AE92FF1DB7A43200DC8FE2 /* Base */ = {isa = PBXFileReference; lastKnownFileType = file.storyboard; name = Base; path = Base.lproj/Main.storyboard; sourceTree = "<group>"; };
		44AE93011DB7A43200DC8FE2 /* Assets.xcassets */ = {isa = PBXFileReference; lastKnownFileType = folder.assetcatalog; path = Assets.xcassets; sourceTree = "<group>"; };
		44AE93041DB7A43200DC8FE2 /* Base */ = {isa = PBXFileReference; lastKnownFileType = file.storyboard; name = Base; path = Base.lproj/LaunchScreen.storyboard; sourceTree = "<group>"; };
		44AE93061DB7A43200DC8FE2 /* Info.plist */ = {isa = PBXFileReference; lastKnownFileType = text.plist.xml; path = Info.plist; sourceTree = "<group>"; };
		44C6FAE61DB7B7960074D41F /* GoogleService-Info.plist */ = {isa = PBXFileReference; fileEncoding = 4; lastKnownFileType = text.plist.xml; path = "GoogleService-Info.plist"; sourceTree = "<group>"; };
		44C6FAEA1DB7BBA00074D41F /* API.swift */ = {isa = PBXFileReference; fileEncoding = 4; lastKnownFileType = sourcecode.swift; path = API.swift; sourceTree = "<group>"; };
		44C6FAEC1DB7BBAF0074D41F /* MapViewController.swift */ = {isa = PBXFileReference; fileEncoding = 4; lastKnownFileType = sourcecode.swift; path = MapViewController.swift; sourceTree = "<group>"; };
		44C6FAEE1DB7BEE90074D41F /* MapKit.framework */ = {isa = PBXFileReference; lastKnownFileType = wrapper.framework; name = MapKit.framework; path = System/Library/Frameworks/MapKit.framework; sourceTree = SDKROOT; };
		7B6A7AEACE9EEDEFD8D5CCF6 /* Pods-LiveChatMap.release.xcconfig */ = {isa = PBXFileReference; includeInIndex = 1; lastKnownFileType = text.xcconfig; name = "Pods-LiveChatMap.release.xcconfig"; path = "Pods/Target Support Files/Pods-LiveChatMap/Pods-LiveChatMap.release.xcconfig"; sourceTree = "<group>"; };
		952D708804854EEC4B636513 /* Pods-LiveChatMap.debug.xcconfig */ = {isa = PBXFileReference; includeInIndex = 1; lastKnownFileType = text.xcconfig; name = "Pods-LiveChatMap.debug.xcconfig"; path = "Pods/Target Support Files/Pods-LiveChatMap/Pods-LiveChatMap.debug.xcconfig"; sourceTree = "<group>"; };
		A7D057FE902F9054E3FAC78A /* Pods_LiveChatMap.framework */ = {isa = PBXFileReference; explicitFileType = wrapper.framework; includeInIndex = 0; path = Pods_LiveChatMap.framework; sourceTree = BUILT_PRODUCTS_DIR; };
/* End PBXFileReference section */

/* Begin PBXFrameworksBuildPhase section */
		44AE92F41DB7A43200DC8FE2 /* Frameworks */ = {
			isa = PBXFrameworksBuildPhase;
			buildActionMask = 2147483647;
			files = (
				44C6FAF01DB7C0550074D41F /* Pods_LiveChatMap.framework in Frameworks */,
				44C6FAEF1DB7BEE90074D41F /* MapKit.framework in Frameworks */,
			);
			runOnlyForDeploymentPostprocessing = 0;
		};
/* End PBXFrameworksBuildPhase section */

/* Begin PBXGroup section */
		308A9C8870E69FF1C19E8FF8 /* Pods */ = {
			isa = PBXGroup;
			children = (
				952D708804854EEC4B636513 /* Pods-LiveChatMap.debug.xcconfig */,
				7B6A7AEACE9EEDEFD8D5CCF6 /* Pods-LiveChatMap.release.xcconfig */,
			);
			name = Pods;
			sourceTree = "<group>";
		};
		44AE92EE1DB7A43200DC8FE2 = {
			isa = PBXGroup;
			children = (
				44AE92F91DB7A43200DC8FE2 /* LiveChatMap */,
				44AE92F81DB7A43200DC8FE2 /* Products */,
				308A9C8870E69FF1C19E8FF8 /* Pods */,
				50A9B637469BEB14E8E2CF55 /* Frameworks */,
			);
			sourceTree = "<group>";
		};
		44AE92F81DB7A43200DC8FE2 /* Products */ = {
			isa = PBXGroup;
			children = (
				44AE92F71DB7A43200DC8FE2 /* LiveChatMap.app */,
			);
			name = Products;
			sourceTree = "<group>";
		};
		44AE92F91DB7A43200DC8FE2 /* LiveChatMap */ = {
			isa = PBXGroup;
			children = (
				44C6FAE91DB7BB930074D41F /* Services */,
				44AE92FA1DB7A43200DC8FE2 /* AppDelegate.swift */,
				44AE92FC1DB7A43200DC8FE2 /* ViewController.swift */,
				44C6FAEC1DB7BBAF0074D41F /* MapViewController.swift */,
				44AE92FE1DB7A43200DC8FE2 /* Main.storyboard */,
				44AE93011DB7A43200DC8FE2 /* Assets.xcassets */,
				44AE93031DB7A43200DC8FE2 /* LaunchScreen.storyboard */,
				44AE93061DB7A43200DC8FE2 /* Info.plist */,
				44C6FAE61DB7B7960074D41F /* GoogleService-Info.plist */,
			);
			path = LiveChatMap;
			sourceTree = "<group>";
		};
		44C6FAE91DB7BB930074D41F /* Services */ = {
			isa = PBXGroup;
			children = (
				44C6FAEA1DB7BBA00074D41F /* API.swift */,
			);
			name = Services;
			sourceTree = "<group>";
		};
		50A9B637469BEB14E8E2CF55 /* Frameworks */ = {
			isa = PBXGroup;
			children = (
				44C6FAEE1DB7BEE90074D41F /* MapKit.framework */,
				A7D057FE902F9054E3FAC78A /* Pods_LiveChatMap.framework */,
			);
			name = Frameworks;
			sourceTree = "<group>";
		};
/* End PBXGroup section */

/* Begin PBXNativeTarget section */
		44AE92F61DB7A43200DC8FE2 /* LiveChatMap */ = {
			isa = PBXNativeTarget;
			buildConfigurationList = 44AE93091DB7A43200DC8FE2 /* Build configuration list for PBXNativeTarget "LiveChatMap" */;
			buildPhases = (
				AD8A4692008020C59DC1193D /* [CP] Check Pods Manifest.lock */,
				44AE92F31DB7A43200DC8FE2 /* Sources */,
				44AE92F41DB7A43200DC8FE2 /* Frameworks */,
				44AE92F51DB7A43200DC8FE2 /* Resources */,
				6A99ADADECD1FF52EFFA1652 /* [CP] Embed Pods Frameworks */,
				F631FF60859346BDA681B5DE /* [CP] Copy Pods Resources */,
				44C6FAE81DB7B7DB0074D41F /* ShellScript */,
			);
			buildRules = (
			);
			dependencies = (
			);
			name = LiveChatMap;
			productName = LiveChatMap;
			productReference = 44AE92F71DB7A43200DC8FE2 /* LiveChatMap.app */;
			productType = "com.apple.product-type.application";
		};
/* End PBXNativeTarget section */

/* Begin PBXProject section */
		44AE92EF1DB7A43200DC8FE2 /* Project object */ = {
			isa = PBXProject;
			attributes = {
				LastSwiftUpdateCheck = 0810;
				LastUpgradeCheck = 0810;
				ORGANIZATIONNAME = "默司";
				TargetAttributes = {
					44AE92F61DB7A43200DC8FE2 = {
						CreatedOnToolsVersion = 8.1;
						DevelopmentTeam = 8E5H4JDK8B;
						ProvisioningStyle = Automatic;
						SystemCapabilities = {
							com.apple.Maps.iOS = {
								enabled = 1;
							};
						};
					};
				};
			};
			buildConfigurationList = 44AE92F21DB7A43200DC8FE2 /* Build configuration list for PBXProject "LiveChatMap" */;
			compatibilityVersion = "Xcode 3.2";
			developmentRegion = English;
			hasScannedForEncodings = 0;
			knownRegions = (
				en,
				Base,
			);
			mainGroup = 44AE92EE1DB7A43200DC8FE2;
			productRefGroup = 44AE92F81DB7A43200DC8FE2 /* Products */;
			projectDirPath = "";
			projectRoot = "";
			targets = (
				44AE92F61DB7A43200DC8FE2 /* LiveChatMap */,
			);
		};
/* End PBXProject section */

/* Begin PBXResourcesBuildPhase section */
		44AE92F51DB7A43200DC8FE2 /* Resources */ = {
			isa = PBXResourcesBuildPhase;
			buildActionMask = 2147483647;
			files = (
				44AE93051DB7A43200DC8FE2 /* LaunchScreen.storyboard in Resources */,
				44AE93021DB7A43200DC8FE2 /* Assets.xcassets in Resources */,
				44C6FAE71DB7B7960074D41F /* GoogleService-Info.plist in Resources */,
				44AE93001DB7A43200DC8FE2 /* Main.storyboard in Resources */,
			);
			runOnlyForDeploymentPostprocessing = 0;
		};
/* End PBXResourcesBuildPhase section */

/* Begin PBXShellScriptBuildPhase section */
		44C6FAE81DB7B7DB0074D41F /* ShellScript */ = {
			isa = PBXShellScriptBuildPhase;
			buildActionMask = 2147483647;
			files = (
			);
			inputPaths = (
			);
			outputPaths = (
			);
			runOnlyForDeploymentPostprocessing = 0;
			shellPath = /bin/sh;
			shellScript = "\"${PODS_ROOT}/Fabric/run\" 547872fdf00cc561ec9b35fcff496a4205d51d05 911d7f3670ebc33bcc9066f146d780e26e9731d28082c1a368fed3264ddd61b6";
		};
		6A99ADADECD1FF52EFFA1652 /* [CP] Embed Pods Frameworks */ = {
			isa = PBXShellScriptBuildPhase;
			buildActionMask = 2147483647;
			files = (
			);
			inputPaths = (
			);
			name = "[CP] Embed Pods Frameworks";
			outputPaths = (
			);
			runOnlyForDeploymentPostprocessing = 0;
			shellPath = /bin/sh;
			shellScript = "\"${SRCROOT}/Pods/Target Support Files/Pods-LiveChatMap/Pods-LiveChatMap-frameworks.sh\"\n";
			showEnvVarsInLog = 0;
		};
		AD8A4692008020C59DC1193D /* [CP] Check Pods Manifest.lock */ = {
			isa = PBXShellScriptBuildPhase;
			buildActionMask = 2147483647;
			files = (
			);
			inputPaths = (
			);
			name = "[CP] Check Pods Manifest.lock";
			outputPaths = (
			);
			runOnlyForDeploymentPostprocessing = 0;
			shellPath = /bin/sh;
			shellScript = "diff \"${PODS_ROOT}/../Podfile.lock\" \"${PODS_ROOT}/Manifest.lock\" > /dev/null\nif [ $? != 0 ] ; then\n    # print error to STDERR\n    echo \"error: The sandbox is not in sync with the Podfile.lock. Run 'pod install' or update your CocoaPods installation.\" >&2\n    exit 1\nfi\n";
			showEnvVarsInLog = 0;
		};
		F631FF60859346BDA681B5DE /* [CP] Copy Pods Resources */ = {
			isa = PBXShellScriptBuildPhase;
			buildActionMask = 2147483647;
			files = (
			);
			inputPaths = (
			);
			name = "[CP] Copy Pods Resources";
			outputPaths = (
			);
			runOnlyForDeploymentPostprocessing = 0;
			shellPath = /bin/sh;
			shellScript = "\"${SRCROOT}/Pods/Target Support Files/Pods-LiveChatMap/Pods-LiveChatMap-resources.sh\"\n";
			showEnvVarsInLog = 0;
		};
/* End PBXShellScriptBuildPhase section */

/* Begin PBXSourcesBuildPhase section */
		44AE92F31DB7A43200DC8FE2 /* Sources */ = {
			isa = PBXSourcesBuildPhase;
			buildActionMask = 2147483647;
			files = (
				44AE92FD1DB7A43200DC8FE2 /* ViewController.swift in Sources */,
				44C6FAEB1DB7BBA00074D41F /* API.swift in Sources */,
				44AE92FB1DB7A43200DC8FE2 /* AppDelegate.swift in Sources */,
				44C6FAED1DB7BBAF0074D41F /* MapViewController.swift in Sources */,
			);
			runOnlyForDeploymentPostprocessing = 0;
		};
/* End PBXSourcesBuildPhase section */

/* Begin PBXVariantGroup section */
		44AE92FE1DB7A43200DC8FE2 /* Main.storyboard */ = {
			isa = PBXVariantGroup;
			children = (
				44AE92FF1DB7A43200DC8FE2 /* Base */,
			);
			name = Main.storyboard;
			sourceTree = "<group>";
		};
		44AE93031DB7A43200DC8FE2 /* LaunchScreen.storyboard */ = {
			isa = PBXVariantGroup;
			children = (
				44AE93041DB7A43200DC8FE2 /* Base */,
			);
			name = LaunchScreen.storyboard;
			sourceTree = "<group>";
		};
/* End PBXVariantGroup section */

/* Begin XCBuildConfiguration section */
		44AE93071DB7A43200DC8FE2 /* Debug */ = {
			isa = XCBuildConfiguration;
			buildSettings = {
				ALWAYS_SEARCH_USER_PATHS = NO;
				CLANG_ANALYZER_NONNULL = YES;
				CLANG_CXX_LANGUAGE_STANDARD = "gnu++0x";
				CLANG_CXX_LIBRARY = "libc++";
				CLANG_ENABLE_MODULES = YES;
				CLANG_ENABLE_OBJC_ARC = YES;
				CLANG_WARN_BOOL_CONVERSION = YES;
				CLANG_WARN_CONSTANT_CONVERSION = YES;
				CLANG_WARN_DIRECT_OBJC_ISA_USAGE = YES_ERROR;
				CLANG_WARN_DOCUMENTATION_COMMENTS = YES;
				CLANG_WARN_EMPTY_BODY = YES;
				CLANG_WARN_ENUM_CONVERSION = YES;
				CLANG_WARN_INFINITE_RECURSION = YES;
				CLANG_WARN_INT_CONVERSION = YES;
				CLANG_WARN_OBJC_ROOT_CLASS = YES_ERROR;
				CLANG_WARN_SUSPICIOUS_MOVES = YES;
				CLANG_WARN_UNREACHABLE_CODE = YES;
				CLANG_WARN__DUPLICATE_METHOD_MATCH = YES;
				"CODE_SIGN_IDENTITY[sdk=iphoneos*]" = "iPhone Developer";
				COPY_PHASE_STRIP = NO;
				DEBUG_INFORMATION_FORMAT = dwarf;
				ENABLE_STRICT_OBJC_MSGSEND = YES;
				ENABLE_TESTABILITY = YES;
				GCC_C_LANGUAGE_STANDARD = gnu99;
				GCC_DYNAMIC_NO_PIC = NO;
				GCC_NO_COMMON_BLOCKS = YES;
				GCC_OPTIMIZATION_LEVEL = 0;
				GCC_PREPROCESSOR_DEFINITIONS = (
					"DEBUG=1",
					"$(inherited)",
				);
				GCC_WARN_64_TO_32_BIT_CONVERSION = YES;
				GCC_WARN_ABOUT_RETURN_TYPE = YES_ERROR;
				GCC_WARN_UNDECLARED_SELECTOR = YES;
				GCC_WARN_UNINITIALIZED_AUTOS = YES_AGGRESSIVE;
				GCC_WARN_UNUSED_FUNCTION = YES;
				GCC_WARN_UNUSED_VARIABLE = YES;
				IPHONEOS_DEPLOYMENT_TARGET = 10.1;
				MTL_ENABLE_DEBUG_INFO = YES;
				ONLY_ACTIVE_ARCH = YES;
				SDKROOT = iphoneos;
				SWIFT_ACTIVE_COMPILATION_CONDITIONS = DEBUG;
				SWIFT_OPTIMIZATION_LEVEL = "-Onone";
			};
			name = Debug;
		};
		44AE93081DB7A43200DC8FE2 /* Release */ = {
			isa = XCBuildConfiguration;
			buildSettings = {
				ALWAYS_SEARCH_USER_PATHS = NO;
				CLANG_ANALYZER_NONNULL = YES;
				CLANG_CXX_LANGUAGE_STANDARD = "gnu++0x";
				CLANG_CXX_LIBRARY = "libc++";
				CLANG_ENABLE_MODULES = YES;
				CLANG_ENABLE_OBJC_ARC = YES;
				CLANG_WARN_BOOL_CONVERSION = YES;
				CLANG_WARN_CONSTANT_CONVERSION = YES;
				CLANG_WARN_DIRECT_OBJC_ISA_USAGE = YES_ERROR;
				CLANG_WARN_DOCUMENTATION_COMMENTS = YES;
				CLANG_WARN_EMPTY_BODY = YES;
				CLANG_WARN_ENUM_CONVERSION = YES;
				CLANG_WARN_INFINITE_RECURSION = YES;
				CLANG_WARN_INT_CONVERSION = YES;
				CLANG_WARN_OBJC_ROOT_CLASS = YES_ERROR;
				CLANG_WARN_SUSPICIOUS_MOVES = YES;
				CLANG_WARN_UNREACHABLE_CODE = YES;
				CLANG_WARN__DUPLICATE_METHOD_MATCH = YES;
				"CODE_SIGN_IDENTITY[sdk=iphoneos*]" = "iPhone Developer";
				COPY_PHASE_STRIP = NO;
				DEBUG_INFORMATION_FORMAT = "dwarf-with-dsym";
				ENABLE_NS_ASSERTIONS = NO;
				ENABLE_STRICT_OBJC_MSGSEND = YES;
				GCC_C_LANGUAGE_STANDARD = gnu99;
				GCC_NO_COMMON_BLOCKS = YES;
				GCC_WARN_64_TO_32_BIT_CONVERSION = YES;
				GCC_WARN_ABOUT_RETURN_TYPE = YES_ERROR;
				GCC_WARN_UNDECLARED_SELECTOR = YES;
				GCC_WARN_UNINITIALIZED_AUTOS = YES_AGGRESSIVE;
				GCC_WARN_UNUSED_FUNCTION = YES;
				GCC_WARN_UNUSED_VARIABLE = YES;
				IPHONEOS_DEPLOYMENT_TARGET = 10.1;
				MTL_ENABLE_DEBUG_INFO = NO;
				SDKROOT = iphoneos;
				SWIFT_OPTIMIZATION_LEVEL = "-Owholemodule";
				VALIDATE_PRODUCT = YES;
			};
			name = Release;
		};
		44AE930A1DB7A43200DC8FE2 /* Debug */ = {
			isa = XCBuildConfiguration;
			baseConfigurationReference = 952D708804854EEC4B636513 /* Pods-LiveChatMap.debug.xcconfig */;
			buildSettings = {
				ASSETCATALOG_COMPILER_APPICON_NAME = AppIcon;
				DEVELOPMENT_TEAM = 8E5H4JDK8B;
				INFOPLIST_FILE = LiveChatMap/Info.plist;
				IPHONEOS_DEPLOYMENT_TARGET = 9.0;
				LD_RUNPATH_SEARCH_PATHS = "$(inherited) @executable_path/Frameworks";
				PRODUCT_BUNDLE_IDENTIFIER = com.gotyou.demo.LiveChatMap;
				PRODUCT_NAME = "$(TARGET_NAME)";
				SWIFT_VERSION = 3.0;
			};
			name = Debug;
		};
		44AE930B1DB7A43200DC8FE2 /* Release */ = {
			isa = XCBuildConfiguration;
			baseConfigurationReference = 7B6A7AEACE9EEDEFD8D5CCF6 /* Pods-LiveChatMap.release.xcconfig */;
			buildSettings = {
				ASSETCATALOG_COMPILER_APPICON_NAME = AppIcon;
				DEVELOPMENT_TEAM = 8E5H4JDK8B;
				INFOPLIST_FILE = LiveChatMap/Info.plist;
				IPHONEOS_DEPLOYMENT_TARGET = 9.0;
				LD_RUNPATH_SEARCH_PATHS = "$(inherited) @executable_path/Frameworks";
				PRODUCT_BUNDLE_IDENTIFIER = com.gotyou.demo.LiveChatMap;
				PRODUCT_NAME = "$(TARGET_NAME)";
				SWIFT_VERSION = 3.0;
			};
			name = Release;
		};
/* End XCBuildConfiguration section */

/* Begin XCConfigurationList section */
		44AE92F21DB7A43200DC8FE2 /* Build configuration list for PBXProject "LiveChatMap" */ = {
			isa = XCConfigurationList;
			buildConfigurations = (
				44AE93071DB7A43200DC8FE2 /* Debug */,
				44AE93081DB7A43200DC8FE2 /* Release */,
			);
			defaultConfigurationIsVisible = 0;
			defaultConfigurationName = Release;
		};
		44AE93091DB7A43200DC8FE2 /* Build configuration list for PBXNativeTarget "LiveChatMap" */ = {
			isa = XCConfigurationList;
			buildConfigurations = (
				44AE930A1DB7A43200DC8FE2 /* Debug */,
				44AE930B1DB7A43200DC8FE2 /* Release */,
			);
			defaultConfigurationIsVisible = 0;
			defaultConfigurationName = Release;
		};
/* End XCConfigurationList section */
	};
	rootObject = 44AE92EF1DB7A43200DC8FE2 /* Project object */;
}
